
Microsoft Visual Studio Solution File, Format Version 12.00
# Visual Studio Version 17
VisualStudioVersion = 17.5.33424.131
MinimumVisualStudioVersion = 10.0.40219.1
Project("{9A19103F-16F7-4668-BE54-9A1E7A4F7556}") = "MoneyTransfer", "MoneyTransfer\MoneyTransfer.csproj", "{1906FE22-9C4F-43F3-A09B-18AEE7661A08}"
EndProject
Project("{FAE04EC0-301F-11D3-BF4B-00C04F79EFBC}") = "MoneyTransferTests", "MoneyTransferTests\MoneyTransferTests.csproj", "{3121996C-2FE3-4276-9A73-8AF50829DF6E}"
EndProject
Global
	GlobalSection(SolutionConfigurationPlatforms) = preSolution
		Debug|Any CPU = Debug|Any CPU
		Release|Any CPU = Release|Any CPU
	EndGlobalSection
	GlobalSection(ProjectConfigurationPlatforms) = postSolution
		{1906FE22-9C4F-43F3-A09B-18AEE7661A08}.Debug|Any CPU.ActiveCfg = Debug|Any CPU
		{1906FE22-9C4F-43F3-A09B-18AEE7661A08}.Debug|Any CPU.Build.0 = Debug|Any CPU
		{1906FE22-9C4F-43F3-A09B-18AEE7661A08}.Release|Any CPU.ActiveCfg = Release|Any CPU
		{1906FE22-9C4F-43F3-A09B-18AEE7661A08}.Release|Any CPU.Build.0 = Release|Any CPU
		{3121996C-2FE3-4276-9A73-8AF50829DF6E}.Debug|Any CPU.ActiveCfg = Debug|Any CPU
		{3121996C-2FE3-4276-9A73-8AF50829DF6E}.Debug|Any CPU.Build.0 = Debug|Any CPU
		{3121996C-2FE3-4276-9A73-8AF50829DF6E}.Release|Any CPU.ActiveCfg = Release|Any CPU
		{3121996C-2FE3-4276-9A73-8AF50829DF6E}.Release|Any CPU.Build.0 = Release|Any CPU
	EndGlobalSection
	GlobalSection(SolutionProperties) = preSolution
		HideSolutionNode = FALSE
	EndGlobalSection
	GlobalSection(ExtensibilityGlobals) = postSolution
		SolutionGuid = {86F8B947-801D-415E-A1DE-B0105E703C22}
	EndGlobalSection
EndGlobal
